
Microsoft Visual Studio Solution File, Format Version 12.00
# Visual Studio 15
VisualStudioVersion = 15.0.27130.2026
MinimumVisualStudioVersion = 10.0.40219.1
Project("{FAE04EC0-301F-11D3-BF4B-00C04F79EFBC}") = "Persona 5 Real Time Editor", "Persona 5 Real Time Editor\Persona 5 Real Time Editor.csproj", "{1CE17327-B2C3-4896-BC69-70929B2132C3}"
EndProject
Global
	GlobalSection(SolutionConfigurationPlatforms) = preSolution
		Debug|Any CPU = Debug|Any CPU
		Debug|x64 = Debug|x64
		Release|Any CPU = Release|Any CPU
		Release|x64 = Release|x64
	EndGlobalSection
	GlobalSection(ProjectConfigurationPlatforms) = postSolution
		{1CE17327-B2C3-4896-BC69-70929B2132C3}.Debug|Any CPU.ActiveCfg = Debug|Any CPU
		{1CE17327-B2C3-4896-BC69-70929B2132C3}.Debug|Any CPU.Build.0 = Debug|Any CPU
		{1CE17327-B2C3-4896-BC69-70929B2132C3}.Debug|x64.ActiveCfg = Debug|x64
		{1CE17327-B2C3-4896-BC69-70929B2132C3}.Debug|x64.Build.0 = Debug|x64
		{1CE17327-B2C3-4896-BC69-70929B2132C3}.Release|Any CPU.ActiveCfg = Release|Any CPU
		{1CE17327-B2C3-4896-BC69-70929B2132C3}.Release|Any CPU.Build.0 = Release|Any CPU
		{1CE17327-B2C3-4896-BC69-70929B2132C3}.Release|x64.ActiveCfg = Release|x64
		{1CE17327-B2C3-4896-BC69-70929B2132C3}.Release|x64.Build.0 = Release|x64
	EndGlobalSection
	GlobalSection(SolutionProperties) = preSolution
		HideSolutionNode = FALSE
	EndGlobalSection
	GlobalSection(ExtensibilityGlobals) = postSolution
		SolutionGuid = {26F2B060-26E7-4D27-8509-AACFF7CDE9AB}
	EndGlobalSection
EndGlobal
