
Microsoft Visual Studio Solution File, Format Version 12.00
# Visual Studio 15
VisualStudioVersion = 15.0.28307.168
MinimumVisualStudioVersion = 10.0.40219.1
Project("{FAE04EC0-301F-11D3-BF4B-00C04F79EFBC}") = "Persona 5 RTE", "Persona 5 RTE\Persona 5 RTE.csproj", "{F3E06256-954E-4DE8-B314-0BC887C589C5}"
EndProject
Global
	GlobalSection(SolutionConfigurationPlatforms) = preSolution
		Debug|Any CPU = Debug|Any CPU
		Release|Any CPU = Release|Any CPU
	EndGlobalSection
	GlobalSection(ProjectConfigurationPlatforms) = postSolution
		{F3E06256-954E-4DE8-B314-0BC887C589C5}.Debug|Any CPU.ActiveCfg = Debug|Any CPU
		{F3E06256-954E-4DE8-B314-0BC887C589C5}.Debug|Any CPU.Build.0 = Debug|Any CPU
		{F3E06256-954E-4DE8-B314-0BC887C589C5}.Release|Any CPU.ActiveCfg = Release|Any CPU
		{F3E06256-954E-4DE8-B314-0BC887C589C5}.Release|Any CPU.Build.0 = Release|Any CPU
	EndGlobalSection
	GlobalSection(SolutionProperties) = preSolution
		HideSolutionNode = FALSE
	EndGlobalSection
	GlobalSection(ExtensibilityGlobals) = postSolution
		SolutionGuid = {6C9840A4-BDFA-4C3D-A1B0-F5EFC23BA1C9}
	EndGlobalSection
EndGlobal
